
Microsoft Visual Studio Solution File, Format Version 12.00
# Visual Studio Version 17
VisualStudioVersion = 17.9.34607.119
MinimumVisualStudioVersion = 10.0.40219.1
Project("{9A19103F-16F7-4668-BE54-9A1E7A4F7556}") = "havaDurumu2", "havaDurumu2\havaDurumu2.csproj", "{8ED1D93B-510D-4869-804B-D5B90650616B}"
EndProject
Global
	GlobalSection(SolutionConfigurationPlatforms) = preSolution
		Debug|Any CPU = Debug|Any CPU
		Release|Any CPU = Release|Any CPU
	EndGlobalSection
	GlobalSection(ProjectConfigurationPlatforms) = postSolution
		{8ED1D93B-510D-4869-804B-D5B90650616B}.Debug|Any CPU.ActiveCfg = Debug|Any CPU
		{8ED1D93B-510D-4869-804B-D5B90650616B}.Debug|Any CPU.Build.0 = Debug|Any CPU
		{8ED1D93B-510D-4869-804B-D5B90650616B}.Release|Any CPU.ActiveCfg = Release|Any CPU
		{8ED1D93B-510D-4869-804B-D5B90650616B}.Release|Any CPU.Build.0 = Release|Any CPU
	EndGlobalSection
	GlobalSection(SolutionProperties) = preSolution
		HideSolutionNode = FALSE
	EndGlobalSection
	GlobalSection(ExtensibilityGlobals) = postSolution
		SolutionGuid = {DE189D89-7359-473F-972C-02AC5D88FC7F}
	EndGlobalSection
EndGlobal
